GIT
  remote: git://github.com/dwilkie/twilreapi-active_biller.git
  revision: c6eb88e30657f7ac148de5b67082b99feaf8dfe1
  specs:
    twilreapi-active_biller (0.1.0)

GIT
  remote: git://github.com/dwilkie/twilreapi-active_call_router.git
  revision: 8088a962ca73d5a1a66350f91ae436ee7ae5ffa9
  specs:
    twilreapi-active_call_router (0.1.0)

GIT
  remote: git://github.com/dwilkie/twilreapi-worker.git
  revision: 3d88d2719d5b3768c0e99079cba3be4c46deb3d1
  specs:
    twilreapi-worker (0.1.0)

GIT
  remote: git://github.com/krisleech/wisper.git
  revision: 7e605f5731dad38a40828c1cf57937d35be8a984
  specs:
    wisper (2.0.0)

GIT
  remote: git://github.com/numerex/bitmask_attributes.git
  revision: 0bb0d9993aa6cb3114daa0c118c2bc70a032847c
  specs:
    bitmask_attributes (1.0.0)
      activerecord (>= 3.1)

GIT
  remote: git://github.com/refile/refile-s3.git
  revision: 78a74b60a597dd1174b0599be919689d41d5f118
  specs:
    refile-s3 (0.2.0)
      aws-sdk (~> 2.0)
      refile (~> 0.6.0)

GIT
  remote: git://github.com/refile/refile.git
  revision: 4e82923a551b3acce1190562cb2037dd7df9577b
  specs:
    refile (0.6.2)
      mime-types
      rest-client (~> 1.8)
      sinatra (>= 1.4.5)

GIT
  remote: git://github.com/sinatra/sinatra.git
  revision: b8935900461766894c70f4c768a514bb868f391b
  specs:
    rack-protection (2.0.0)
      rack
    sinatra (2.0.0)
      mustermann (~> 1.0)
      rack (~> 2.0)
      rack-protection (= 2.0.0)
      tilt (~> 2.0)

GIT
  remote: git://github.com/tawan/active-elastic-job.git
  revision: 9c748eae1077a90a0f803a02cc7b08d4f12bd3d3
  specs:
    active_elastic_job (2.0.0)
      aws-sdk (~> 2)
      rails (>= 4.2)

GEM
  remote: https://rubygems.org/
  specs:
    aasm (4.12.1)
      concurrent-ruby (~> 1.0)
    actioncable (5.1.2)
      actionpack (= 5.1.2)
      nio4r (~> 2.0)
      websocket-driver (~> 0.6.1)
    actionmailer (5.1.2)
      actionpack (= 5.1.2)
      actionview (= 5.1.2)
      activejob (= 5.1.2)
      mail (~> 2.5, >= 2.5.4)
      rails-dom-testing (~> 2.0)
    actionpack (5.1.2)
      actionview (= 5.1.2)
      activesupport (= 5.1.2)
      rack (~> 2.0)
      rack-test (~> 0.6.3)
      rails-dom-testing (~> 2.0)
      rails-html-sanitizer (~> 1.0, >= 1.0.2)
    actionview (5.1.2)
      activesupport (= 5.1.2)
      builder (~> 3.1)
      erubi (~> 1.4)
      rails-dom-testing (~> 2.0)
      rails-html-sanitizer (~> 1.0, >= 1.0.3)
    activejob (5.1.2)
      activesupport (= 5.1.2)
      globalid (>= 0.3.6)
    activemodel (5.1.2)
      activesupport (= 5.1.2)
    activerecord (5.1.2)
      activemodel (= 5.1.2)
      activesupport (= 5.1.2)
      arel (~> 8.0)
    activesupport (5.1.2)
      concurrent-ruby (~> 1.0, >= 1.0.2)
      i18n (~> 0.7)
      minitest (~> 5.1)
      tzinfo (~> 1.1)
    arel (8.0.0)
    aws-sdk (2.10.19)
      aws-sdk-resources (= 2.10.19)
    aws-sdk-core (2.10.19)
      aws-sigv4 (~> 1.0)
      jmespath (~> 1.0)
    aws-sdk-resources (2.10.19)
      aws-sdk-core (= 2.10.19)
    aws-sigv4 (1.0.1)
    builder (3.2.3)
    codeclimate-test-reporter (1.0.8)
      simplecov (<= 0.13)
    coderay (1.1.1)
    concurrent-ruby (1.0.5)
    diff-lcs (1.3)
    docile (1.1.5)
    domain_name (0.5.20170404)
      unf (>= 0.0.5, < 1.0.0)
    doorkeeper (4.2.6)
      railties (>= 4.2)
    erubi (1.6.1)
    factory_girl (4.8.0)
      activesupport (>= 3.0.0)
    factory_girl_rails (4.8.0)
      factory_girl (~> 4.8.0)
      railties (>= 3.0.0)
    foreman (0.84.0)
      thor (~> 0.19.1)
    globalid (0.4.0)
      activesupport (>= 4.2.0)
    http-cookie (1.0.3)
      domain_name (~> 0.5)
    i18n (0.8.6)
    jmespath (1.3.1)
    json (2.1.0)
    loofah (2.0.3)
      nokogiri (>= 1.5.9)
    mail (2.6.6)
      mime-types (>= 1.16, < 4)
    method_source (0.8.2)
    mime-types (2.99.3)
    mini_portile2 (2.2.0)
    minitest (5.10.3)
    monetize (1.7.0)
      money (~> 6.9)
    money (6.9.0)
      i18n (>= 0.6.4, < 0.9)
    money-rails (1.9.0)
      activesupport (>= 3.0)
      monetize (~> 1.7.0)
      money (~> 6.9.0)
      railties (>= 3.0)
    mustermann (1.0.0)
    netrc (0.11.0)
    nio4r (2.1.0)
    nokogiri (1.8.0)
      mini_portile2 (~> 2.2.0)
    pg (0.21.0)
    phony (2.15.47)
    phony_rails (0.14.6)
      activesupport (>= 3.0)
      phony (> 2.15)
    pry (0.10.4)
      coderay (~> 1.1.0)
      method_source (~> 0.8.1)
      slop (~> 3.4)
    puma (3.9.1)
    rack (2.0.3)
    rack-test (0.6.3)
      rack (>= 1.0)
    rails (5.1.2)
      actioncable (= 5.1.2)
      actionmailer (= 5.1.2)
      actionpack (= 5.1.2)
      actionview (= 5.1.2)
      activejob (= 5.1.2)
      activemodel (= 5.1.2)
      activerecord (= 5.1.2)
      activesupport (= 5.1.2)
      bundler (>= 1.3.0, < 2.0)
      railties (= 5.1.2)
      sprockets-rails (>= 2.0.0)
    rails-dom-testing (2.0.3)
      activesupport (>= 4.2.0)
      nokogiri (>= 1.6)
    rails-html-sanitizer (1.0.3)
      loofah (~> 2.0)
    rails_12factor (0.0.3)
      rails_serve_static_assets
      rails_stdout_logging
    rails_serve_static_assets (0.0.5)
    rails_stdout_logging (0.0.5)
    railties (5.1.2)
      actionpack (= 5.1.2)
      activesupport (= 5.1.2)
      method_source
      rake (>= 0.8.7)
      thor (>= 0.18.1, < 2.0)
    rake (12.0.0)
    responders (2.4.0)
      actionpack (>= 4.2.0, < 5.3)
      railties (>= 4.2.0, < 5.3)
    rest-client (1.8.0)
      http-cookie (>= 1.0.2, < 2.0)
      mime-types (>= 1.16, < 3.0)
      netrc (~> 0.7)
    rspec-core (3.6.0)
      rspec-support (~> 3.6.0)
    rspec-expectations (3.6.0)
      diff-lcs (>= 1.2.0, < 2.0)
      rspec-support (~> 3.6.0)
    rspec-mocks (3.6.0)
      diff-lcs (>= 1.2.0, < 2.0)
      rspec-support (~> 3.6.0)
    rspec-rails (3.6.0)
      actionpack (>= 3.0)
      activesupport (>= 3.0)
      railties (>= 3.0)
      rspec-core (~> 3.6.0)
      rspec-expectations (~> 3.6.0)
      rspec-mocks (~> 3.6.0)
      rspec-support (~> 3.6.0)
    rspec-support (3.6.0)
    shoulda-matchers (3.1.2)
      activesupport (>= 4.0.0)
    simplecov (0.13.0)
      docile (~> 1.1.0)
      json (>= 1.8, < 3)
      simplecov-html (~> 0.10.0)
    simplecov-html (0.10.1)
    slop (3.6.0)
    spring (2.0.2)
      activesupport (>= 4.2)
    spring-commands-rspec (1.0.4)
      spring (>= 0.9.1)
    sprockets (3.7.1)
      concurrent-ruby (~> 1.0)
      rack (> 1, < 3)
    sprockets-rails (3.2.0)
      actionpack (>= 4.0)
      activesupport (>= 4.0)
      sprockets (>= 3.0.0)
    thor (0.19.4)
    thread_safe (0.3.6)
    tilt (2.0.8)
    tzinfo (1.2.3)
      thread_safe (~> 0.1)
    unf (0.1.4)
      unf_ext
    unf_ext (0.0.7.4)
    websocket-driver (0.6.5)
      websocket-extensions (>= 0.1.0)
    websocket-extensions (0.1.2)
    wisper-rspec (0.0.3)

PLATFORMS
  ruby

DEPENDENCIES
  aasm
  active_elastic_job!
  bitmask_attributes!
  codeclimate-test-reporter (~> 1.0.0)
  doorkeeper
  factory_girl_rails
  foreman
  money-rails
  pg
  phony
  phony_rails
  pry
  puma
  rails (= 5.1.2)
  rails_12factor
  refile!
  refile-s3!
  responders
  rspec-rails
  shoulda-matchers
  simplecov
  sinatra!
  spring
  spring-commands-rspec
  twilreapi-active_biller!
  twilreapi-active_call_router!
  twilreapi-worker!
  wisper!
  wisper-rspec

BUNDLED WITH
   1.13.7
